
Microsoft Visual Studio Solution File, Format Version 12.00
# Visual Studio Version 17
VisualStudioVersion = 17.3.32804.467
MinimumVisualStudioVersion = 10.0.40219.1
Project("{9A19103F-16F7-4668-BE54-9A1E7A4F7556}") = "CleanArchMvc.Domain", "src\CleanArchMvc.Domain\CleanArchMvc.Domain.csproj", "{77126B9A-5C6C-4049-B0ED-906C1DD18EFC}"
EndProject
Project("{9A19103F-16F7-4668-BE54-9A1E7A4F7556}") = "CleanArchMvc.Application", "src\CleanArchMvc.Application\CleanArchMvc.Application.csproj", "{E10A9030-D104-400D-B7A2-1F27BD84C874}"
EndProject
Project("{9A19103F-16F7-4668-BE54-9A1E7A4F7556}") = "CleanArchMvc.Infra.Data", "src\CleanArchMvc.Infra.Data\CleanArchMvc.Infra.Data.csproj", "{1C10FF38-CC22-4B5C-AEB7-41BBD33CA978}"
EndProject
Project("{9A19103F-16F7-4668-BE54-9A1E7A4F7556}") = "CleanArchMvc.Infra.IoC", "src\CleanArchMvc.Infra.IoC\CleanArchMvc.Infra.IoC.csproj", "{455DAFB9-4AA9-46C9-9AED-08041540E7FD}"
EndProject
Project("{9A19103F-16F7-4668-BE54-9A1E7A4F7556}") = "CleanArchMvc.WebUI", "src\CleanArchMvc.WebUI\CleanArchMvc.WebUI.csproj", "{A48ED867-746B-479D-A12D-C72727B6C913}"
EndProject
Project("{FAE04EC0-301F-11D3-BF4B-00C04F79EFBC}") = "CleanArchMvc.Domain.Tests", "tests\CleanArchMvc.Domain.Tests\CleanArchMvc.Domain.Tests.csproj", "{ABA09D5E-5DE9-4C08-A9FA-095CCA0CD1EB}"
EndProject
Global
	GlobalSection(SolutionConfigurationPlatforms) = preSolution
		Debug|Any CPU = Debug|Any CPU
		Release|Any CPU = Release|Any CPU
	EndGlobalSection
	GlobalSection(ProjectConfigurationPlatforms) = postSolution
		{77126B9A-5C6C-4049-B0ED-906C1DD18EFC}.Debug|Any CPU.ActiveCfg = Debug|Any CPU
		{77126B9A-5C6C-4049-B0ED-906C1DD18EFC}.Debug|Any CPU.Build.0 = Debug|Any CPU
		{77126B9A-5C6C-4049-B0ED-906C1DD18EFC}.Release|Any CPU.ActiveCfg = Release|Any CPU
		{77126B9A-5C6C-4049-B0ED-906C1DD18EFC}.Release|Any CPU.Build.0 = Release|Any CPU
		{E10A9030-D104-400D-B7A2-1F27BD84C874}.Debug|Any CPU.ActiveCfg = Debug|Any CPU
		{E10A9030-D104-400D-B7A2-1F27BD84C874}.Debug|Any CPU.Build.0 = Debug|Any CPU
		{E10A9030-D104-400D-B7A2-1F27BD84C874}.Release|Any CPU.ActiveCfg = Release|Any CPU
		{E10A9030-D104-400D-B7A2-1F27BD84C874}.Release|Any CPU.Build.0 = Release|Any CPU
		{1C10FF38-CC22-4B5C-AEB7-41BBD33CA978}.Debug|Any CPU.ActiveCfg = Debug|Any CPU
		{1C10FF38-CC22-4B5C-AEB7-41BBD33CA978}.Debug|Any CPU.Build.0 = Debug|Any CPU
		{1C10FF38-CC22-4B5C-AEB7-41BBD33CA978}.Release|Any CPU.ActiveCfg = Release|Any CPU
		{1C10FF38-CC22-4B5C-AEB7-41BBD33CA978}.Release|Any CPU.Build.0 = Release|Any CPU
		{455DAFB9-4AA9-46C9-9AED-08041540E7FD}.Debug|Any CPU.ActiveCfg = Debug|Any CPU
		{455DAFB9-4AA9-46C9-9AED-08041540E7FD}.Debug|Any CPU.Build.0 = Debug|Any CPU
		{455DAFB9-4AA9-46C9-9AED-08041540E7FD}.Release|Any CPU.ActiveCfg = Release|Any CPU
		{455DAFB9-4AA9-46C9-9AED-08041540E7FD}.Release|Any CPU.Build.0 = Release|Any CPU
		{A48ED867-746B-479D-A12D-C72727B6C913}.Debug|Any CPU.ActiveCfg = Debug|Any CPU
		{A48ED867-746B-479D-A12D-C72727B6C913}.Debug|Any CPU.Build.0 = Debug|Any CPU
		{A48ED867-746B-479D-A12D-C72727B6C913}.Release|Any CPU.ActiveCfg = Release|Any CPU
		{A48ED867-746B-479D-A12D-C72727B6C913}.Release|Any CPU.Build.0 = Release|Any CPU
		{ABA09D5E-5DE9-4C08-A9FA-095CCA0CD1EB}.Debug|Any CPU.ActiveCfg = Debug|Any CPU
		{ABA09D5E-5DE9-4C08-A9FA-095CCA0CD1EB}.Debug|Any CPU.Build.0 = Debug|Any CPU
		{ABA09D5E-5DE9-4C08-A9FA-095CCA0CD1EB}.Release|Any CPU.ActiveCfg = Release|Any CPU
		{ABA09D5E-5DE9-4C08-A9FA-095CCA0CD1EB}.Release|Any CPU.Build.0 = Release|Any CPU
	EndGlobalSection
	GlobalSection(SolutionProperties) = preSolution
		HideSolutionNode = FALSE
	EndGlobalSection
	GlobalSection(ExtensibilityGlobals) = postSolution
		SolutionGuid = {40FA95F1-59E7-4821-91BA-E8BFFB9DA9D4}
	EndGlobalSection
EndGlobal
